[root]
name = "crate1"
version = "0.1.0"
dependencies = [
 "quoted_printable 0.4.0 (registry+https://github.com/rust-lang/crates.io-index)",
]

[[package]]
name = "quoted_printable"
version = "0.4.0"
source = "registry+https://github.com/rust-lang/crates.io-index"

[metadata]
"checksum quoted_printable 0.4.0 (registry+https://github.com/rust-lang/crates.io-index)" = "4126fa98c6d7b166e6a29a24ab96721d618759d803df6a8cb35d6140da475b5a"
